Microsoft Visual Studio Solution File, Format Version 11.00
# Visual Studio 2008

Project("{A18366B2-17EB-F811-AD18-86E4F4F865B2}") = "Dark", "Assembly-CSharp.csproj", "{09E0C576-2370-228E-CE65-4B2AE5300EBD}"
EndProject
Project("{A18366B2-17EB-F811-AD18-86E4F4F865B2}") = "Dark", "Assembly-CSharp-Editor.csproj", "{D45F34CC-8F6C-A80D-75D1-FDA1C57F266B}"
EndProject
Global
	GlobalSection(SolutionConfigurationPlatforms) = preSolution
		Debug|Any CPU = Debug|Any CPU
		Release|Any CPU = Release|Any CPU
	EndGlobalSection
	GlobalSection(ProjectConfigurationPlatforms) = postSolution
		{09E0C576-2370-228E-CE65-4B2AE5300EBD}.Debug|Any CPU.ActiveCfg = Debug|Any CPU
		{09E0C576-2370-228E-CE65-4B2AE5300EBD}.Debug|Any CPU.Build.0 = Debug|Any CPU
		{09E0C576-2370-228E-CE65-4B2AE5300EBD}.Release|Any CPU.ActiveCfg = Release|Any CPU
		{09E0C576-2370-228E-CE65-4B2AE5300EBD}.Release|Any CPU.Build.0 = Release|Any CPU
		{D45F34CC-8F6C-A80D-75D1-FDA1C57F266B}.Debug|Any CPU.ActiveCfg = Debug|Any CPU
		{D45F34CC-8F6C-A80D-75D1-FDA1C57F266B}.Debug|Any CPU.Build.0 = Debug|Any CPU
		{D45F34CC-8F6C-A80D-75D1-FDA1C57F266B}.Release|Any CPU.ActiveCfg = Release|Any CPU
		{D45F34CC-8F6C-A80D-75D1-FDA1C57F266B}.Release|Any CPU.Build.0 = Release|Any CPU
	EndGlobalSection
	GlobalSection(SolutionProperties) = preSolution
		HideSolutionNode = FALSE
	EndGlobalSection
	GlobalSection(MonoDevelopProperties) = preSolution
		StartupItem = Assembly-CSharp.csproj
	EndGlobalSection
EndGlobal
